
Microsoft Visual Studio Solution File, Format Version 12.00
# Visual Studio Version 17
VisualStudioVersion = 17.7.34202.233
MinimumVisualStudioVersion = 10.0.40219.1
Project("{9A19103F-16F7-4668-BE54-9A1E7A4F7556}") = "Queue", "Queue\Queue.csproj", "{85FBA331-324B-40A3-B5F9-A4535158027C}"
EndProject
Project("{FAE04EC0-301F-11D3-BF4B-00C04F79EFBC}") = "Library", "Library\Library.csproj", "{8930D203-2769-4498-B316-BD5CD7E1FE2E}"
EndProject
Global
	GlobalSection(SolutionConfigurationPlatforms) = preSolution
		Debug|Any CPU = Debug|Any CPU
		Release|Any CPU = Release|Any CPU
	EndGlobalSection
	GlobalSection(ProjectConfigurationPlatforms) = postSolution
		{85FBA331-324B-40A3-B5F9-A4535158027C}.Debug|Any CPU.ActiveCfg = Debug|Any CPU
		{85FBA331-324B-40A3-B5F9-A4535158027C}.Debug|Any CPU.Build.0 = Debug|Any CPU
		{85FBA331-324B-40A3-B5F9-A4535158027C}.Release|Any CPU.ActiveCfg = Release|Any CPU
		{85FBA331-324B-40A3-B5F9-A4535158027C}.Release|Any CPU.Build.0 = Release|Any CPU
		{8930D203-2769-4498-B316-BD5CD7E1FE2E}.Debug|Any CPU.ActiveCfg = Debug|Any CPU
		{8930D203-2769-4498-B316-BD5CD7E1FE2E}.Debug|Any CPU.Build.0 = Debug|Any CPU
		{8930D203-2769-4498-B316-BD5CD7E1FE2E}.Release|Any CPU.ActiveCfg = Release|Any CPU
		{8930D203-2769-4498-B316-BD5CD7E1FE2E}.Release|Any CPU.Build.0 = Release|Any CPU
	EndGlobalSection
	GlobalSection(SolutionProperties) = preSolution
		HideSolutionNode = FALSE
	EndGlobalSection
	GlobalSection(ExtensibilityGlobals) = postSolution
		SolutionGuid = {C54A87D4-5FB8-4975-A4C4-18F3C135DF1D}
	EndGlobalSection
EndGlobal
